
Microsoft Visual Studio Solution File, Format Version 12.00
# Visual Studio Version 17
VisualStudioVersion = 17.3.32922.545
MinimumVisualStudioVersion = 10.0.40219.1
Project("{FAE04EC0-301F-11D3-BF4B-00C04F79EFBC}") = "homeWork_brackets", "homeWork_brackets\homeWork_brackets.csproj", "{9707157E-83C2-40EE-B0D8-35CF873FCC0C}"
EndProject
Global
	GlobalSection(SolutionConfigurationPlatforms) = preSolution
		Debug|Any CPU = Debug|Any CPU
		Release|Any CPU = Release|Any CPU
	EndGlobalSection
	GlobalSection(ProjectConfigurationPlatforms) = postSolution
		{9707157E-83C2-40EE-B0D8-35CF873FCC0C}.Debug|Any CPU.ActiveCfg = Debug|Any CPU
		{9707157E-83C2-40EE-B0D8-35CF873FCC0C}.Debug|Any CPU.Build.0 = Debug|Any CPU
		{9707157E-83C2-40EE-B0D8-35CF873FCC0C}.Release|Any CPU.ActiveCfg = Release|Any CPU
		{9707157E-83C2-40EE-B0D8-35CF873FCC0C}.Release|Any CPU.Build.0 = Release|Any CPU
	EndGlobalSection
	GlobalSection(SolutionProperties) = preSolution
		HideSolutionNode = FALSE
	EndGlobalSection
	GlobalSection(ExtensibilityGlobals) = postSolution
		SolutionGuid = {2439AD4B-D230-49F9-8328-63F33BFA329A}
	EndGlobalSection
EndGlobal
